{
  "lockfile_version": "1",
  "packages": {
    "bazel_7@7.6.0": {
      "last_modified": "2025-08-01T14:55:05Z",
      "resolved": "github:NixOS/nixpkgs/e7eabdc701d7dbb810fd91a97ec358caa4c1fc50#bazel_7",
      "source": "devbox-search",
      "version": "7.6.0",
      "systems": {
        "aarch64-darwin": {
          "outputs": [
            {
              "name": "out",
              "path": "/nix/store/nchrbl7nb1qns5dy2n259hxvzppvgga7-bazel-7.6.0",
              "default": true
            }
          ],
          "store_path": "/nix/store/nchrbl7nb1qns5dy2n259hxvzppvgga7-bazel-7.6.0"
        },
        "aarch64-linux": {
          "outputs": [
            {
              "name": "out",
              "path": "/nix/store/y0b4r50f1qsl8g0phiq5pg4010nzgydp-bazel-7.6.0",
              "default": true
            }
          ],
          "store_path": "/nix/store/y0b4r50f1qsl8g0phiq5pg4010nzgydp-bazel-7.6.0"
        },
        "x86_64-darwin": {
          "outputs": [
            {
              "name": "out",
              "path": "/nix/store/2aqglfv6s82lnjzyk509rwzv4kfdh818-bazel-7.6.0",
              "default": true
            }
          ],
          "store_path": "/nix/store/2aqglfv6s82lnjzyk509rwzv4kfdh818-bazel-7.6.0"
        },
        "x86_64-linux": {
          "outputs": [
            {
              "name": "out",
              "path": "/nix/store/55v1pqdjwjc8myqxaldpyz1d7w7gh0hp-bazel-7.6.0",
              "default": true
            }
          ],
          "store_path": "/nix/store/55v1pqdjwjc8myqxaldpyz1d7w7gh0hp-bazel-7.6.0"
        }
      }
    },
    "binutils@2.43.1": {
      "last_modified": "2024-12-03T12:40:06Z",
      "resolved": "github:NixOS/nixpkgs/566e53c2ad750c84f6d31f9ccb9d00f823165550#binutils",
      "source": "devbox-search",
      "version": "2.43.1",
      "systems": {
        "aarch64-darwin": {
          "outputs": [
            {
              "name": "out",
              "path": "/nix/store/gap4zjjs6azr3a8j6bfi589yczhyy7d6-binutils-wrapper-2.43.1",
              "default": true
            },
            {
              "name": "man",
              "path": "/nix/store/1wqxsgp2j65qv2vncrd5m7p8q3xavw5s-binutils-wrapper-2.43.1-man",
              "default": true
            },
            {
              "name": "info",
              "path": "/nix/store/zx6nzdca4mfv5ghq15rzzhkd2dvhhnb5-binutils-wrapper-2.43.1-info"
            }
          ],
          "store_path": "/nix/store/gap4zjjs6azr3a8j6bfi589yczhyy7d6-binutils-wrapper-2.43.1"
        },
        "aarch64-linux": {
          "outputs": [
            {
              "name": "out",
              "path": "/nix/store/8hcwpiazwyh2kn29az830pvlfdvyxs2k-binutils-wrapper-2.43.1",
              "default": true
            },
            {
              "name": "man",
              "path": "/nix/store/nl55sjs5ndh3kna87waknk8a7xw85pij-binutils-wrapper-2.43.1-man",
              "default": true
            },
            {
              "name": "info",
              "path": "/nix/store/vhalsc5msl337y2kbjvxi2bfasdhqz08-binutils-wrapper-2.43.1-info"
            }
          ],
          "store_path": "/nix/store/8hcwpiazwyh2kn29az830pvlfdvyxs2k-binutils-wrapper-2.43.1"
        },
        "x86_64-darwin": {
          "outputs": [
            {
              "name": "out",
              "path": "/nix/store/n303i151wa7c6dsg9aj8s1cxcqw1dmwz-binutils-wrapper-2.43.1",
              "default": true
            },
            {
              "name": "man",
              "path": "/nix/store/093plyclxvwbpdga34l3pzx8jmwlcw8k-binutils-wrapper-2.43.1-man",
              "default": true
            },
            {
              "name": "info",
              "path": "/nix/store/0mpv94nj0c236qx6ar195a394hdc91h1-binutils-wrapper-2.43.1-info"
            }
          ],
          "store_path": "/nix/store/n303i151wa7c6dsg9aj8s1cxcqw1dmwz-binutils-wrapper-2.43.1"
        },
        "x86_64-linux": {
          "outputs": [
            {
              "name": "out",
              "path": "/nix/store/x9as7x6f7cdgcskvvn3yp02m662krr7y-binutils-wrapper-2.43.1",
              "default": true
            },
            {
              "name": "man",
              "path": "/nix/store/87h706hbb2n41cpgjf3mkksp9ajwifcc-binutils-wrapper-2.43.1-man",
              "default": true
            },
            {
              "name": "info",
              "path": "/nix/store/gricp0nxhlv3snjv8q4bgbxxq54wiy5x-binutils-wrapper-2.43.1-info"
            }
          ],
          "store_path": "/nix/store/x9as7x6f7cdgcskvvn3yp02m662krr7y-binutils-wrapper-2.43.1"
        }
      }
    },
    "buildifier@6.0.1": {
      "last_modified": "2023-02-24T09:01:09Z",
      "resolved": "github:NixOS/nixpkgs/7d0ed7f2e5aea07ab22ccb338d27fbe347ed2f11#buildifier",
      "source": "devbox-search",
      "version": "6.0.1",
      "systems": {
        "aarch64-darwin": {
          "outputs": [
            {
              "path": "/nix/store/zv9zxadj0sj2zf0l2pziicwfj66708aa-bazel-buildtools-6.0.1",
              "default": true
            }
          ]
        },
        "x86_64-linux": {
          "outputs": [
            {
              "path": "/tmp/containerbase/cache/nix/store/143jhhm2l4c8357nraxm6l4b6a3wr4pw-bazel-buildtools-6.0.1",
              "default": true
            }
          ]
        }
      }
    },
    "colima@0.8.1": {
      "last_modified": "2025-08-03T19:18:05Z",
      "resolved": "github:NixOS/nixpkgs/bf9fa86a9b1005d932f842edf2c38eeecc98eef3#colima",
      "source": "devbox-search",
      "version": "0.8.1",
      "systems": {
        "aarch64-darwin": {
          "outputs": [
            {
              "name": "out",
              "path": "/nix/store/wxm71k2yw96ky4hrwiiizvsnr2a5qch9-colima-0.8.1",
              "default": true
            }
          ],
          "store_path": "/nix/store/wxm71k2yw96ky4hrwiiizvsnr2a5qch9-colima-0.8.1"
        },
        "aarch64-linux": {
          "outputs": [
            {
              "name": "out",
              "path": "/nix/store/ywxgq8c2m93la7nxjcbvpj4bils05hdf-colima-0.8.1",
              "default": true
            }
          ],
          "store_path": "/nix/store/ywxgq8c2m93la7nxjcbvpj4bils05hdf-colima-0.8.1"
        },
        "x86_64-darwin": {
          "outputs": [
            {
              "name": "out",
              "path": "/nix/store/limc6cjgqbhx4rdc550p75wqirihczx3-colima-0.8.1",
              "default": true
            }
          ],
          "store_path": "/nix/store/limc6cjgqbhx4rdc550p75wqirihczx3-colima-0.8.1"
        },
        "x86_64-linux": {
          "outputs": [
            {
              "name": "out",
              "path": "/nix/store/nxzwf49k5iflibcrysj2cfl7j2k20i9m-colima-0.8.1",
              "default": true
            }
          ],
          "store_path": "/nix/store/nxzwf49k5iflibcrysj2cfl7j2k20i9m-colima-0.8.1"
        }
      }
    },
    "direnv@2.37.1": {
      "last_modified": "2025-07-28T17:09:23Z",
      "resolved": "github:NixOS/nixpkgs/648f70160c03151bc2121d179291337ad6bc564b#direnv",
      "source": "devbox-search",
      "version": "2.37.1",
      "systems": {
        "aarch64-darwin": {
          "outputs": [
            {
              "name": "out",
              "path": "/nix/store/jx3qm446vnaz50kk6pjh4h5chn74ib2c-direnv-2.37.1",
              "default": true
            }
          ],
          "store_path": "/nix/store/jx3qm446vnaz50kk6pjh4h5chn74ib2c-direnv-2.37.1"
        },
        "aarch64-linux": {
          "outputs": [
            {
              "name": "out",
              "path": "/nix/store/bqkp6cxz0lp3033iixxm2kvykvfsqvf8-direnv-2.37.1",
              "default": true
            }
          ],
          "store_path": "/nix/store/bqkp6cxz0lp3033iixxm2kvykvfsqvf8-direnv-2.37.1"
        },
        "x86_64-darwin": {
          "outputs": [
            {
              "name": "out",
              "path": "/nix/store/m77810day5glilqri3k3y9bz2v3vg72w-direnv-2.37.1",
              "default": true
            }
          ],
          "store_path": "/nix/store/m77810day5glilqri3k3y9bz2v3vg72w-direnv-2.37.1"
        },
        "x86_64-linux": {
          "outputs": [
            {
              "name": "out",
              "path": "/nix/store/qj6a7xr3knnl5wjs3rvr8ajbjkxbn32f-direnv-2.37.1",
              "default": true
            }
          ],
          "store_path": "/nix/store/qj6a7xr3knnl5wjs3rvr8ajbjkxbn32f-direnv-2.37.1"
        }
      }
    },
    "git@2.50.1": {
      "last_modified": "2025-08-12T09:17:37Z",
      "resolved": "github:NixOS/nixpkgs/372d9eeeafa5b15913201e2b92e8e539ac7c64d1#git",
      "source": "devbox-search",
      "version": "2.50.1",
      "systems": {
        "aarch64-darwin": {
          "outputs": [
            {
              "name": "out",
              "path": "/nix/store/jn9byxgdjndngf0d2by0djg8gcdll7xc-git-2.50.1",
              "default": true
            },
            {
              "name": "doc",
              "path": "/nix/store/j8djmq64ckbah7bl6jv1y6arrjr0shmv-git-2.50.1-doc"
            }
          ],
          "store_path": "/nix/store/jn9byxgdjndngf0d2by0djg8gcdll7xc-git-2.50.1"
        },
        "aarch64-linux": {
          "outputs": [
            {
              "name": "out",
              "path": "/nix/store/h4pvvix6pvnvys9a6y1xj2442r1ajdhl-git-2.50.1",
              "default": true
            },
            {
              "name": "doc",
              "path": "/nix/store/q8sicpx16gyzxnp3345a46lj4cz9wd09-git-2.50.1-doc"
            },
            {
              "name": "debug",
              "path": "/nix/store/rpxnrnsn4nbx8wm9d2vrgj0fr5xzz5lg-git-2.50.1-debug"
            }
          ],
          "store_path": "/nix/store/h4pvvix6pvnvys9a6y1xj2442r1ajdhl-git-2.50.1"
        },
        "x86_64-darwin": {
          "outputs": [
            {
              "name": "out",
              "path": "/nix/store/8d1n8cvi5x1j0v61459lvhqs26vmcqbl-git-2.50.1",
              "default": true
            },
            {
              "name": "doc",
              "path": "/nix/store/yn9cvbs7jz4dfdb17qralgr0ybi5rmjf-git-2.50.1-doc"
            }
          ],
          "store_path": "/nix/store/8d1n8cvi5x1j0v61459lvhqs26vmcqbl-git-2.50.1"
        },
        "x86_64-linux": {
          "outputs": [
            {
              "name": "out",
              "path": "/nix/store/5i8zvall945kypmwgqd0y47f02pldwp4-git-2.50.1",
              "default": true
            },
            {
              "name": "debug",
              "path": "/nix/store/l46kpjpcwwp8l7kzzr1s2dlk646r73z2-git-2.50.1-debug"
            },
            {
              "name": "doc",
              "path": "/nix/store/d2lhlzkdziwmijik8nszfwp8srbkskb9-git-2.50.1-doc"
            }
          ],
          "store_path": "/nix/store/5i8zvall945kypmwgqd0y47f02pldwp4-git-2.50.1"
        }
      }
    },
    "jdk-headless@25.0.0": {
      "last_modified": "2025-10-07T08:41:47Z",
      "resolved": "github:NixOS/nixpkgs/bce5fe2bb998488d8e7e7856315f90496723793c#jdk25_headless",
      "source": "devbox-search",
      "version": "25.0.0",
      "systems": {
        "aarch64-darwin": {
          "outputs": [
            {
              "name": "out",
              "path": "/nix/store/v7p3w08vvqziqd9c7qrgxdydcqgxk4dp-zulu-ca-jdk-25.0.0",
              "default": true
            }
          ],
          "store_path": "/nix/store/v7p3w08vvqziqd9c7qrgxdydcqgxk4dp-zulu-ca-jdk-25.0.0"
        },
        "x86_64-darwin": {
          "outputs": [
            {
              "name": "out",
              "path": "/nix/store/sclhxc0pj5rn0vl5c4jgwakj5sppdzl1-zulu-ca-jdk-25.0.0",
              "default": true
            }
          ],
          "store_path": "/nix/store/sclhxc0pj5rn0vl5c4jgwakj5sppdzl1-zulu-ca-jdk-25.0.0"
        },
        "x86_64-linux": {
          "outputs": [
            {
              "path": "/tmp/containerbase/cache/nix/store/gqvf9w430qd85sblsi2chxihqxngl1bj-openjdk-headless-25+36",
              "default": true
            }
          ]
        }
      }
    }
  }
}
