{
  "__AUTOGENERATED_FILE_DO_NOT_MODIFY_THIS_FILE_MANUALLY": "THERE_IS_NO_DATA_ONLY_ZUUL",
  "__INPUT_ARTIFACTS_HASH": -1400473778,
  "__RESOLVED_ARTIFACTS_HASH": -1145006022,
  "artifacts": {
    "co.fs2:fs2-core_3": {
      "shasums": {
        "jar": "9fc4304e707de269ce2cdf597c1f7e9b702c2aec900009a649ede86fae1e8e99",
        "sources": "09ac228fa88725e85a79c0bfe83065ba611885a9b0f57561bc5666aece292e86"
      },
      "version": "3.5.0"
    },
    "com.disneystreaming:weaver-cats-core_3": {
      "shasums": {
        "jar": "c1d65648093080615fbd1d47302165897eb52ff4f2296d3312376ec25e6a95b6",
        "sources": "c0e3944ee183dfba6363672faf8230686711b76b97bfd3ae9e9743aea479230a"
      },
      "version": "0.8.3"
    },
    "com.disneystreaming:weaver-cats_3": {
      "shasums": {
        "jar": "298a2793ec6529a5c440838611b6b92c826a14c59621550c2cb0cd290d2bed73",
        "sources": "5f88c287765fdbd871758468d979cfe8bba851075591a5c6fb4263bbe674d372"
      },
      "version": "0.8.3"
    },
    "com.disneystreaming:weaver-core_3": {
      "shasums": {
        "jar": "c266e4c862b7896b42444bf2bcc179bebef0e34efa41ecf474c0331d155d73c5",
        "sources": "535bad993534effc772facab9d43ddf9a0ad75aa893333ba40028acad4656182"
      },
      "version": "0.8.3"
    },
    "com.disneystreaming:weaver-discipline_3": {
      "shasums": {
        "jar": "f9cbd6e4b16d85c6d4bc7955b0e27a03f382bb6c2786301c9b83197e7b34384a",
        "sources": "2b0f2cc6eca3d68f7e276884591f39e958d6c8aa37b517b2d10376eb9c16574e"
      },
      "version": "0.8.3"
    },
    "com.disneystreaming:weaver-framework_3": {
      "shasums": {
        "jar": "36fbb7206754ba194e57bd7518b33b884e6a29f90fd9156153f314c3739b3792",
        "sources": "4ce77b5b4b6c27d4e98a77148c20c5c887bf4b89f0aa2256c105a0768149321f"
      },
      "version": "0.8.3"
    },
    "com.disneystreaming:weaver-scalacheck_3": {
      "shasums": {
        "jar": "8a9ddea41110ebee873ad4c5ae71fcd71db10ec3abbef4b2a073280f6944c443",
        "sources": "8037f8ceaf4f005b5e87c5678d0bf6676bd2778aea05f21fa2a2a7d3ebe73a79"
      },
      "version": "0.8.3"
    },
    "com.eed3si9n.expecty:expecty_3": {
      "shasums": {
        "jar": "8e2f17ee540e76fb2a37274f8bfdcea900e6959805f47a5d3549d52cffb122a4",
        "sources": "1baaa609a7116004f56c59b2f7a1a6ce1bc7982e3945cdd0e76849c2ca4e0c5e"
      },
      "version": "0.16.0"
    },
    "junit:junit": {
      "shasums": {
        "jar": "8e495b634469d64fb8acfa3495a065cbacc8a0fff55ce1e31007be4c16dc57d3",
        "sources": "34181df6482d40ea4c046b063cb53c7ffae94bdf1b1d62695bdf3adf9dea7e3a"
      },
      "version": "4.13.2"
    },
    "org.hamcrest:hamcrest-core": {
      "shasums": {
        "jar": "66fdef91e9739348df7a096aa384a5685f4e875584cce89386a7a47251c4d8e9",
        "sources": "e223d2d8fbafd66057a8848cc94222d63c3cedd652cc48eddc0ab5c39c0f84df"
      },
      "version": "1.3"
    },
    "org.portable-scala:portable-scala-reflect_2.13": {
      "shasums": {
        "jar": "0c5e2f0fa801d645207fc9d0aef5b12a09b3cdfb1e3d5a851c29b6a47adcb662",
        "sources": "c7e8d1756b49ed8350a051cc0778b692d44a22dcdd2409e3e03fe99bae37dda7"
      },
      "version": "1.1.2"
    },
    "org.scala-lang.modules:scala-xml_3": {
      "shasums": {
        "jar": "48f22343575f4b1d6550eecc42d4b7f0a0d30223c72f015d8d893feab4cbeecd",
        "sources": "b2f5f01c669f29dc03a8127f7a8ca2cdb40dff3e29ba416e3de4f6bef0480aca"
      },
      "version": "2.1.0"
    },
    "org.scala-lang:scala-library": {
      "shasums": {
        "jar": "e6ca607c3fce03e8fa38af3374ce1f8bb098e316e8bf6f6d27331360feddb1c1",
        "sources": "a991527579c81765cc74ecdbf57fe8fda9c1fd88fceebf19266f030e456ee0f0"
      },
      "version": "2.13.10"
    },
    "org.scala-lang:scala-reflect": {
      "shasums": {
        "jar": "62bd7a7198193c5373a992c122990279e413af3307162472a5d3cbb8ecadb35e",
        "sources": "cee62b64b45ff88fd7b3d5b1e459778f3f8010387dc4deb5ffa44f71c843ea47"
      },
      "version": "2.13.10"
    },
    "org.scala-lang:scala3-library_3": {
      "shasums": {
        "jar": "f96317c57a5beae2cb16607d2b99cba7b136a96416e736966e5955e6608d868b",
        "sources": "b39cc0b46b95cfdb7774291cf25b66c708c9ecd1c0a1b5d98dcb30108a3755e3"
      },
      "version": "3.2.2"
    },
    "org.scala-sbt:test-interface": {
      "shasums": {
        "jar": "15f70b38bb95f3002fec9aea54030f19bb4ecfbad64c67424b5e5fea09cd749e",
        "sources": "c314491c9df4f0bd9dd125ef1d51228d70bd466ee57848df1cd1b96aea18a5ad"
      },
      "version": "1.0"
    },
    "org.scalacheck:scalacheck_3": {
      "shasums": {
        "jar": "2b4905ca27c9fd2e90b84ceb28efb586a85e3332c0f20272f49c67b93300f71b",
        "sources": "468942b99b8f37f7206b42e9ee03bad58dc36dd1cd86eee367c626fd7166ac01"
      },
      "version": "1.17.0"
    },
    "org.scalactic:scalactic_3": {
      "shasums": {
        "jar": "4105867dfc8f00a6f5a65458629a4fc6a526bb2156c98dcbbbbd90cbe96ef029",
        "sources": "7043b3f61552dda4bfb4ce1dd9411e2b16bc10c745274d6dab1f594fb873aec2"
      },
      "version": "3.2.18"
    },
    "org.scalatest:scalatest-compatible": {
      "shasums": {
        "jar": "243b5c83a083b062c5670391e769a7ff2af5c3ba093ef9ecf4ff9fe7cfef248d",
        "sources": "cf0ec8c128f36c11b2072ad9a0937950bc60a4edad800150a9f865dbcbd047a8"
      },
      "version": "3.2.18"
    },
    "org.scalatest:scalatest-core_3": {
      "shasums": {
        "jar": "8664f04f83df04f1650dda20278ca3b17a25a162bddd0843a85c9e6d6dccbb1c",
        "sources": "3ac91c789bce5d91bfb62b23ff208085dce9abf3a143ed092f78e6a88b0f1d25"
      },
      "version": "3.2.18"
    },
    "org.scalatest:scalatest-diagrams_3": {
      "shasums": {
        "jar": "f470c64a6f7ec1aed58a00f933c09388cf067d596a6a47abaebcadd76b4b0422",
        "sources": "76a2314baa2e9346610bdd47b507312bcd2053bd6176412d795b7bbf4511cd97"
      },
      "version": "3.2.18"
    },
    "org.scalatest:scalatest-featurespec_3": {
      "shasums": {
        "jar": "6d74ed01b64d86a096dcf6fec7461bb1e152952c3c751e282e19136b3eafe3b8",
        "sources": "1eaf2e22da1cd14418647a2bcb774942da000c6a5ec74164c63ce5697eba6600"
      },
      "version": "3.2.18"
    },
    "org.scalatest:scalatest-flatspec_3": {
      "shasums": {
        "jar": "318277eac85fe08c7fcae26de1a4841c72b23f830182bb9047f5204f81a9d554",
        "sources": "d0c016901a60eb3dc3f85560e3f65196b983de95a6454659a39d8bbcd6391903"
      },
      "version": "3.2.18"
    },
    "org.scalatest:scalatest-freespec_3": {
      "shasums": {
        "jar": "e64e5b743efbc3be919be5600346708c1b27806f44c0eb747a3c524968b951a0",
        "sources": "127f89eec6e43f7ec4037118eb669006566fff2a9486c77d3c63a019eb6a8d8f"
      },
      "version": "3.2.18"
    },
    "org.scalatest:scalatest-funspec_3": {
      "shasums": {
        "jar": "b889f7e4787cc3d34993477029461a067acdad7edd58c7228e7285f1676312c2",
        "sources": "4e9703fb745dca0a719cb1f906a8670d2c40393ea312f7369b986b209fb44cd5"
      },
      "version": "3.2.18"
    },
    "org.scalatest:scalatest-funsuite_3": {
      "shasums": {
        "jar": "fb994d8f3cf100d2b2c60fff49174bfcea50daed7ca9a56a1e05556ad1701132",
        "sources": "b179621483e6d135443da6a4a6bc9a1b7c9f0e9d77c8b033b1d5e9e57b4f901a"
      },
      "version": "3.2.18"
    },
    "org.scalatest:scalatest-matchers-core_3": {
      "shasums": {
        "jar": "f3f474ef5226140d125fc89621493c1010bb31e5cce0d3eb9f56d970bd4227eb",
        "sources": "92966961791dd773e519c011343ce430436dc5bb757751e53eebb379f3fd840a"
      },
      "version": "3.2.18"
    },
    "org.scalatest:scalatest-mustmatchers_3": {
      "shasums": {
        "jar": "6fe1694b9a8a6b3e661dd2eaf05bf43274a634f48acf45498d6b42724851f8b2",
        "sources": "5dc715e0d0b4d78a4a05fb7f5acbdcd237c45238e931f73dcefdf7bebbea6034"
      },
      "version": "3.2.18"
    },
    "org.scalatest:scalatest-propspec_3": {
      "shasums": {
        "jar": "1db82b8ed5b8464a6c423a1c2a296f0df09ecb746057823acd01025119fc8338",
        "sources": "e7aacd890d107fc755acd18faff474182b38d8390b6dcf4eced133ac5578dfc5"
      },
      "version": "3.2.18"
    },
    "org.scalatest:scalatest-refspec_3": {
      "shasums": {
        "jar": "bed7e940c0a6013f9f3af7cf28166853008282ce78365c972bd0a59afbdc3931",
        "sources": "db31095f4d3c6fc77fc39f47eabe0c8437fae04e091b0bd462f85a6f1af10cd0"
      },
      "version": "3.2.18"
    },
    "org.scalatest:scalatest-shouldmatchers_3": {
      "shasums": {
        "jar": "c33254766a53c145dfb8cae1340d778b8dcd2cde2c1a227e01b8353e615819eb",
        "sources": "bcc7e172f1ca68754de17140b9d25712fcb57a77cf36f1ee8de8e1d70d6dc1b7"
      },
      "version": "3.2.18"
    },
    "org.scalatest:scalatest-wordspec_3": {
      "shasums": {
        "jar": "bef041c04dc1221c313eab20ae41e7fbf132984f5ebd154567cbacca8a90078a",
        "sources": "2fd0109726f09a19205341faaa2b32e94f1255d637e409f26e949cd86a8b165b"
      },
      "version": "3.2.18"
    },
    "org.scalatest:scalatest_3": {
      "shasums": {
        "jar": "505bc12e658bd82f8ccfa2860690aa4957691a127a2156f484fa32a8e04d415b",
        "sources": "7fff13702a352f15b073fe90f54cf1e160c10387ad8c5084045cf7953fa4fad5"
      },
      "version": "3.2.18"
    },
    "org.scodec:scodec-bits_3": {
      "shasums": {
        "jar": "e8845f4f0ca3f59895bd903bc3d92d59adf258411d9b60a189f2ce03f351c5f1",
        "sources": "687d2bf0ea9905bd6fcc8696d35770dfdb049ab266292b1f4cecb64e166ee549"
      },
      "version": "1.1.34"
    },
    "org.typelevel:cats-core_3": {
      "shasums": {
        "jar": "158fe49b9d83ce1530c394c701054c91f78328b774064dc33bfd4c39252bedcd",
        "sources": "43cefc484df5311ddd89ddaaa02604a64d8c6c619ae300fb04516c7bc7d9da68"
      },
      "version": "2.9.0"
    },
    "org.typelevel:cats-effect-kernel_3": {
      "shasums": {
        "jar": "35aa6f5eb539c3fa293c5e80d0650112dac3586ea95d927f248edb84898b3dd2",
        "sources": "3d46a3867207f01d2a8a017d5b5ba949b35d59e04de6c78325c6235339a69292"
      },
      "version": "3.5.7"
    },
    "org.typelevel:cats-effect-std_3": {
      "shasums": {
        "jar": "c6487f9895113049b1a6ecc035e74a05b710e0258c00d14f2d9894ab8a5d6a6e",
        "sources": "6716cd763065f986c7333a61bb4388ad1babbb6777cd761e330e8a0ae7a2b53b"
      },
      "version": "3.5.7"
    },
    "org.typelevel:cats-effect_3": {
      "shasums": {
        "jar": "9d4edc074ad768e8c899d5d5a322765eed3180eb06cbc24a0ac8d6743f194e70",
        "sources": "7a89e9c49d12672e03f708fd0ba5cdddd1684ab8178d5f95ae7b0db98fd281dd"
      },
      "version": "3.5.7"
    },
    "org.typelevel:cats-kernel_3": {
      "shasums": {
        "jar": "2a362c36c835b922a2d88cede8be5dd9bc434dbafc1052a252dfed96da9c5a76",
        "sources": "4673e96b29b8a705c94cc89bc78e1151709ebb308c0c466884a39ebe55fd600d"
      },
      "version": "2.9.0"
    },
    "org.typelevel:discipline-core_3": {
      "shasums": {
        "jar": "8fde1c171f922052a38e7442c41ea01d31a2e204f819d70e1ed3208a95d35ec2",
        "sources": "d9900f94fd9be6e1fbe2f5a2e202269e6957737d978507a7b112f2d82b4b7282"
      },
      "version": "1.5.1"
    }
  },
  "dependencies": {
    "co.fs2:fs2-core_3": [
      "org.scala-lang:scala3-library_3",
      "org.scodec:scodec-bits_3",
      "org.typelevel:cats-core_3",
      "org.typelevel:cats-effect_3"
    ],
    "com.disneystreaming:weaver-cats-core_3": [
      "com.disneystreaming:weaver-core_3",
      "org.scala-lang:scala3-library_3"
    ],
    "com.disneystreaming:weaver-cats_3": [
      "com.disneystreaming:weaver-cats-core_3",
      "com.disneystreaming:weaver-framework_3",
      "org.scala-lang:scala3-library_3"
    ],
    "com.disneystreaming:weaver-core_3": [
      "co.fs2:fs2-core_3",
      "com.eed3si9n.expecty:expecty_3",
      "org.portable-scala:portable-scala-reflect_2.13",
      "org.scala-lang:scala-reflect",
      "org.scala-lang:scala3-library_3",
      "org.typelevel:cats-effect_3"
    ],
    "com.disneystreaming:weaver-discipline_3": [
      "com.disneystreaming:weaver-cats_3",
      "com.disneystreaming:weaver-core_3",
      "org.scala-lang:scala3-library_3",
      "org.typelevel:discipline-core_3"
    ],
    "com.disneystreaming:weaver-framework_3": [
      "com.disneystreaming:weaver-core_3",
      "junit:junit",
      "org.scala-lang:scala3-library_3",
      "org.scala-sbt:test-interface"
    ],
    "com.disneystreaming:weaver-scalacheck_3": [
      "com.disneystreaming:weaver-core_3",
      "org.scala-lang:scala3-library_3",
      "org.scalacheck:scalacheck_3"
    ],
    "com.eed3si9n.expecty:expecty_3": [
      "org.scala-lang:scala3-library_3"
    ],
    "junit:junit": [
      "org.hamcrest:hamcrest-core"
    ],
    "org.portable-scala:portable-scala-reflect_2.13": [
      "org.scala-lang:scala-library"
    ],
    "org.scala-lang.modules:scala-xml_3": [
      "org.scala-lang:scala3-library_3"
    ],
    "org.scala-lang:scala-reflect": [
      "org.scala-lang:scala-library"
    ],
    "org.scala-lang:scala3-library_3": [
      "org.scala-lang:scala-library"
    ],
    "org.scalacheck:scalacheck_3": [
      "org.scala-lang:scala3-library_3",
      "org.scala-sbt:test-interface"
    ],
    "org.scalactic:scalactic_3": [
      "org.scala-lang:scala3-library_3"
    ],
    "org.scalatest:scalatest-core_3": [
      "org.scala-lang.modules:scala-xml_3",
      "org.scala-lang:scala3-library_3",
      "org.scalactic:scalactic_3",
      "org.scalatest:scalatest-compatible"
    ],
    "org.scalatest:scalatest-diagrams_3": [
      "org.scala-lang:scala3-library_3",
      "org.scalatest:scalatest-core_3"
    ],
    "org.scalatest:scalatest-featurespec_3": [
      "org.scala-lang:scala3-library_3",
      "org.scalatest:scalatest-core_3"
    ],
    "org.scalatest:scalatest-flatspec_3": [
      "org.scala-lang:scala3-library_3",
      "org.scalatest:scalatest-core_3"
    ],
    "org.scalatest:scalatest-freespec_3": [
      "org.scala-lang:scala3-library_3",
      "org.scalatest:scalatest-core_3"
    ],
    "org.scalatest:scalatest-funspec_3": [
      "org.scala-lang:scala3-library_3",
      "org.scalatest:scalatest-core_3"
    ],
    "org.scalatest:scalatest-funsuite_3": [
      "org.scala-lang:scala3-library_3",
      "org.scalatest:scalatest-core_3"
    ],
    "org.scalatest:scalatest-matchers-core_3": [
      "org.scala-lang:scala3-library_3",
      "org.scalatest:scalatest-core_3"
    ],
    "org.scalatest:scalatest-mustmatchers_3": [
      "org.scala-lang:scala3-library_3",
      "org.scalatest:scalatest-matchers-core_3"
    ],
    "org.scalatest:scalatest-propspec_3": [
      "org.scala-lang:scala3-library_3",
      "org.scalatest:scalatest-core_3"
    ],
    "org.scalatest:scalatest-refspec_3": [
      "org.scala-lang:scala3-library_3",
      "org.scalatest:scalatest-core_3"
    ],
    "org.scalatest:scalatest-shouldmatchers_3": [
      "org.scala-lang:scala3-library_3",
      "org.scalatest:scalatest-matchers-core_3"
    ],
    "org.scalatest:scalatest-wordspec_3": [
      "org.scala-lang:scala3-library_3",
      "org.scalatest:scalatest-core_3"
    ],
    "org.scalatest:scalatest_3": [
      "org.scala-lang:scala3-library_3",
      "org.scalatest:scalatest-core_3",
      "org.scalatest:scalatest-diagrams_3",
      "org.scalatest:scalatest-featurespec_3",
      "org.scalatest:scalatest-flatspec_3",
      "org.scalatest:scalatest-freespec_3",
      "org.scalatest:scalatest-funspec_3",
      "org.scalatest:scalatest-funsuite_3",
      "org.scalatest:scalatest-matchers-core_3",
      "org.scalatest:scalatest-mustmatchers_3",
      "org.scalatest:scalatest-propspec_3",
      "org.scalatest:scalatest-refspec_3",
      "org.scalatest:scalatest-shouldmatchers_3",
      "org.scalatest:scalatest-wordspec_3"
    ],
    "org.scodec:scodec-bits_3": [
      "org.scala-lang:scala3-library_3"
    ],
    "org.typelevel:cats-core_3": [
      "org.scala-lang:scala3-library_3",
      "org.typelevel:cats-kernel_3"
    ],
    "org.typelevel:cats-effect-kernel_3": [
      "org.scala-lang:scala3-library_3",
      "org.typelevel:cats-core_3"
    ],
    "org.typelevel:cats-effect-std_3": [
      "org.scala-lang:scala3-library_3",
      "org.typelevel:cats-effect-kernel_3"
    ],
    "org.typelevel:cats-effect_3": [
      "org.scala-lang:scala3-library_3",
      "org.typelevel:cats-effect-kernel_3",
      "org.typelevel:cats-effect-std_3"
    ],
    "org.typelevel:cats-kernel_3": [
      "org.scala-lang:scala3-library_3"
    ],
    "org.typelevel:discipline-core_3": [
      "org.scala-lang:scala3-library_3",
      "org.scalacheck:scalacheck_3"
    ]
  },
  "packages": {
    "co.fs2:fs2-core_3": [
      "fs2",
      "fs2.compat",
      "fs2.compression",
      "fs2.concurrent",
      "fs2.internal",
      "fs2.timeseries"
    ],
    "com.disneystreaming:weaver-cats-core_3": [
      "weaver"
    ],
    "com.disneystreaming:weaver-cats_3": [
      "weaver.framework"
    ],
    "com.disneystreaming:weaver-core_3": [
      "weaver",
      "weaver.internals",
      "weaver.junit"
    ],
    "com.disneystreaming:weaver-discipline_3": [
      "weaver.discipline"
    ],
    "com.disneystreaming:weaver-framework_3": [
      "weaver.framework"
    ],
    "com.disneystreaming:weaver-scalacheck_3": [
      "weaver.scalacheck"
    ],
    "com.eed3si9n.expecty:expecty_3": [
      "com.eed3si9n.expecty"
    ],
    "junit:junit": [
      "junit.extensions",
      "junit.framework",
      "junit.runner",
      "junit.textui",
      "org.junit",
      "org.junit.experimental",
      "org.junit.experimental.categories",
      "org.junit.experimental.max",
      "org.junit.experimental.results",
      "org.junit.experimental.runners",
      "org.junit.experimental.theories",
      "org.junit.experimental.theories.internal",
      "org.junit.experimental.theories.suppliers",
      "org.junit.function",
      "org.junit.internal",
      "org.junit.internal.builders",
      "org.junit.internal.management",
      "org.junit.internal.matchers",
      "org.junit.internal.requests",
      "org.junit.internal.runners",
      "org.junit.internal.runners.model",
      "org.junit.internal.runners.rules",
      "org.junit.internal.runners.statements",
      "org.junit.matchers",
      "org.junit.rules",
      "org.junit.runner",
      "org.junit.runner.manipulation",
      "org.junit.runner.notification",
      "org.junit.runners",
      "org.junit.runners.model",
      "org.junit.runners.parameterized",
      "org.junit.validator"
    ],
    "org.hamcrest:hamcrest-core": [
      "org.hamcrest",
      "org.hamcrest.core",
      "org.hamcrest.internal"
    ],
    "org.portable-scala:portable-scala-reflect_2.13": [
      "org.portablescala.reflect",
      "org.portablescala.reflect.annotation",
      "org.portablescala.reflect.internal"
    ],
    "org.scala-lang.modules:scala-xml_3": [
      "scala.xml",
      "scala.xml.dtd",
      "scala.xml.dtd.impl",
      "scala.xml.factory",
      "scala.xml.include",
      "scala.xml.include.sax",
      "scala.xml.parsing",
      "scala.xml.transform"
    ],
    "org.scala-lang:scala-library": [
      "scala",
      "scala.annotation",
      "scala.annotation.meta",
      "scala.annotation.unchecked",
      "scala.beans",
      "scala.collection",
      "scala.collection.concurrent",
      "scala.collection.convert",
      "scala.collection.convert.impl",
      "scala.collection.generic",
      "scala.collection.immutable",
      "scala.collection.mutable",
      "scala.compat",
      "scala.concurrent",
      "scala.concurrent.duration",
      "scala.concurrent.impl",
      "scala.io",
      "scala.jdk",
      "scala.jdk.javaapi",
      "scala.math",
      "scala.ref",
      "scala.reflect",
      "scala.reflect.macros.internal",
      "scala.runtime",
      "scala.runtime.java8",
      "scala.sys",
      "scala.sys.process",
      "scala.util",
      "scala.util.control",
      "scala.util.hashing",
      "scala.util.matching"
    ],
    "org.scala-lang:scala-reflect": [
      "scala.reflect.api",
      "scala.reflect.internal",
      "scala.reflect.internal.annotations",
      "scala.reflect.internal.pickling",
      "scala.reflect.internal.settings",
      "scala.reflect.internal.tpe",
      "scala.reflect.internal.transform",
      "scala.reflect.internal.util",
      "scala.reflect.io",
      "scala.reflect.macros",
      "scala.reflect.macros.blackbox",
      "scala.reflect.macros.whitebox",
      "scala.reflect.runtime"
    ],
    "org.scala-lang:scala3-library_3": [
      "scala",
      "scala.annotation",
      "scala.annotation.internal",
      "scala.compiletime",
      "scala.compiletime.ops",
      "scala.compiletime.testing",
      "scala.deriving",
      "scala.quoted",
      "scala.quoted.runtime",
      "scala.reflect",
      "scala.runtime",
      "scala.runtime.coverage",
      "scala.runtime.function",
      "scala.runtime.stdLibPatches",
      "scala.util",
      "scala.util.control"
    ],
    "org.scala-sbt:test-interface": [
      "org.scalatools.testing",
      "sbt.testing"
    ],
    "org.scalacheck:scalacheck_3": [
      "org.scalacheck",
      "org.scalacheck.commands",
      "org.scalacheck.rng",
      "org.scalacheck.time",
      "org.scalacheck.util"
    ],
    "org.scalactic:scalactic_3": [
      "org.scalactic",
      "org.scalactic.anyvals",
      "org.scalactic.exceptions",
      "org.scalactic.source"
    ],
    "org.scalatest:scalatest-compatible": [
      "org.scalatest.compatible"
    ],
    "org.scalatest:scalatest-core_3": [
      "org.scalatest",
      "org.scalatest.concurrent",
      "org.scalatest.enablers",
      "org.scalatest.events",
      "org.scalatest.exceptions",
      "org.scalatest.fixture",
      "org.scalatest.prop",
      "org.scalatest.tagobjects",
      "org.scalatest.tags",
      "org.scalatest.time",
      "org.scalatest.tools",
      "org.scalatest.verbs"
    ],
    "org.scalatest:scalatest-diagrams_3": [
      "org.scalatest.diagrams"
    ],
    "org.scalatest:scalatest-featurespec_3": [
      "org.scalatest.featurespec"
    ],
    "org.scalatest:scalatest-flatspec_3": [
      "org.scalatest.flatspec"
    ],
    "org.scalatest:scalatest-freespec_3": [
      "org.scalatest.freespec"
    ],
    "org.scalatest:scalatest-funspec_3": [
      "org.scalatest.funspec"
    ],
    "org.scalatest:scalatest-funsuite_3": [
      "org.scalatest.funsuite"
    ],
    "org.scalatest:scalatest-matchers-core_3": [
      "org.scalatest.matchers",
      "org.scalatest.matchers.dsl"
    ],
    "org.scalatest:scalatest-mustmatchers_3": [
      "org.scalatest.matchers.must"
    ],
    "org.scalatest:scalatest-propspec_3": [
      "org.scalatest.propspec"
    ],
    "org.scalatest:scalatest-refspec_3": [
      "org.scalatest.refspec"
    ],
    "org.scalatest:scalatest-shouldmatchers_3": [
      "org.scalatest.matchers.should"
    ],
    "org.scalatest:scalatest-wordspec_3": [
      "org.scalatest.wordspec"
    ],
    "org.scodec:scodec-bits_3": [
      "scodec.bits"
    ],
    "org.typelevel:cats-core_3": [
      "cats",
      "cats.arrow",
      "cats.compat",
      "cats.conversions",
      "cats.data",
      "cats.evidence",
      "cats.instances",
      "cats.instances.symbol",
      "cats.syntax"
    ],
    "org.typelevel:cats-effect-kernel_3": [
      "cats.effect.kernel",
      "cats.effect.kernel.instances",
      "cats.effect.kernel.syntax"
    ],
    "org.typelevel:cats-effect-std_3": [
      "cats.effect.std",
      "cats.effect.std.internal",
      "cats.effect.std.syntax"
    ],
    "org.typelevel:cats-effect_3": [
      "cats.effect",
      "cats.effect.instances",
      "cats.effect.metrics",
      "cats.effect.syntax",
      "cats.effect.tracing",
      "cats.effect.unsafe",
      "cats.effect.unsafe.metrics",
      "cats.effect.unsafe.ref"
    ],
    "org.typelevel:cats-kernel_3": [
      "cats.kernel",
      "cats.kernel.compat",
      "cats.kernel.instances",
      "cats.kernel.instances.all",
      "cats.kernel.instances.arraySeq",
      "cats.kernel.instances.bigDecimal",
      "cats.kernel.instances.bigInt",
      "cats.kernel.instances.bitSet",
      "cats.kernel.instances.boolean",
      "cats.kernel.instances.byte",
      "cats.kernel.instances.char",
      "cats.kernel.instances.deadline",
      "cats.kernel.instances.double",
      "cats.kernel.instances.duration",
      "cats.kernel.instances.either",
      "cats.kernel.instances.finiteDuration",
      "cats.kernel.instances.float",
      "cats.kernel.instances.function",
      "cats.kernel.instances.int",
      "cats.kernel.instances.lazyList",
      "cats.kernel.instances.list",
      "cats.kernel.instances.long",
      "cats.kernel.instances.map",
      "cats.kernel.instances.option",
      "cats.kernel.instances.queue",
      "cats.kernel.instances.seq",
      "cats.kernel.instances.set",
      "cats.kernel.instances.short",
      "cats.kernel.instances.sortedMap",
      "cats.kernel.instances.sortedSet",
      "cats.kernel.instances.stream",
      "cats.kernel.instances.string",
      "cats.kernel.instances.symbol",
      "cats.kernel.instances.tuple",
      "cats.kernel.instances.unit",
      "cats.kernel.instances.uuid",
      "cats.kernel.instances.vector"
    ],
    "org.typelevel:discipline-core_3": [
      "org.typelevel.discipline"
    ]
  },
  "repositories": {
    "https://repo1.maven.org/maven2/": [
      "co.fs2:fs2-core_3",
      "co.fs2:fs2-core_3:jar:sources",
      "com.disneystreaming:weaver-cats-core_3",
      "com.disneystreaming:weaver-cats-core_3:jar:sources",
      "com.disneystreaming:weaver-cats_3",
      "com.disneystreaming:weaver-cats_3:jar:sources",
      "com.disneystreaming:weaver-core_3",
      "com.disneystreaming:weaver-core_3:jar:sources",
      "com.disneystreaming:weaver-discipline_3",
      "com.disneystreaming:weaver-discipline_3:jar:sources",
      "com.disneystreaming:weaver-framework_3",
      "com.disneystreaming:weaver-framework_3:jar:sources",
      "com.disneystreaming:weaver-scalacheck_3",
      "com.disneystreaming:weaver-scalacheck_3:jar:sources",
      "com.eed3si9n.expecty:expecty_3",
      "com.eed3si9n.expecty:expecty_3:jar:sources",
      "junit:junit",
      "junit:junit:jar:sources",
      "org.hamcrest:hamcrest-core",
      "org.hamcrest:hamcrest-core:jar:sources",
      "org.portable-scala:portable-scala-reflect_2.13",
      "org.portable-scala:portable-scala-reflect_2.13:jar:sources",
      "org.scala-lang.modules:scala-xml_3",
      "org.scala-lang.modules:scala-xml_3:jar:sources",
      "org.scala-lang:scala-library",
      "org.scala-lang:scala-library:jar:sources",
      "org.scala-lang:scala-reflect",
      "org.scala-lang:scala-reflect:jar:sources",
      "org.scala-lang:scala3-library_3",
      "org.scala-lang:scala3-library_3:jar:sources",
      "org.scala-sbt:test-interface",
      "org.scala-sbt:test-interface:jar:sources",
      "org.scalacheck:scalacheck_3",
      "org.scalacheck:scalacheck_3:jar:sources",
      "org.scalactic:scalactic_3",
      "org.scalactic:scalactic_3:jar:sources",
      "org.scalatest:scalatest-compatible",
      "org.scalatest:scalatest-compatible:jar:sources",
      "org.scalatest:scalatest-core_3",
      "org.scalatest:scalatest-core_3:jar:sources",
      "org.scalatest:scalatest-diagrams_3",
      "org.scalatest:scalatest-diagrams_3:jar:sources",
      "org.scalatest:scalatest-featurespec_3",
      "org.scalatest:scalatest-featurespec_3:jar:sources",
      "org.scalatest:scalatest-flatspec_3",
      "org.scalatest:scalatest-flatspec_3:jar:sources",
      "org.scalatest:scalatest-freespec_3",
      "org.scalatest:scalatest-freespec_3:jar:sources",
      "org.scalatest:scalatest-funspec_3",
      "org.scalatest:scalatest-funspec_3:jar:sources",
      "org.scalatest:scalatest-funsuite_3",
      "org.scalatest:scalatest-funsuite_3:jar:sources",
      "org.scalatest:scalatest-matchers-core_3",
      "org.scalatest:scalatest-matchers-core_3:jar:sources",
      "org.scalatest:scalatest-mustmatchers_3",
      "org.scalatest:scalatest-mustmatchers_3:jar:sources",
      "org.scalatest:scalatest-propspec_3",
      "org.scalatest:scalatest-propspec_3:jar:sources",
      "org.scalatest:scalatest-refspec_3",
      "org.scalatest:scalatest-refspec_3:jar:sources",
      "org.scalatest:scalatest-shouldmatchers_3",
      "org.scalatest:scalatest-shouldmatchers_3:jar:sources",
      "org.scalatest:scalatest-wordspec_3",
      "org.scalatest:scalatest-wordspec_3:jar:sources",
      "org.scalatest:scalatest_3",
      "org.scalatest:scalatest_3:jar:sources",
      "org.scodec:scodec-bits_3",
      "org.scodec:scodec-bits_3:jar:sources",
      "org.typelevel:cats-core_3",
      "org.typelevel:cats-core_3:jar:sources",
      "org.typelevel:cats-effect-kernel_3",
      "org.typelevel:cats-effect-kernel_3:jar:sources",
      "org.typelevel:cats-effect-std_3",
      "org.typelevel:cats-effect-std_3:jar:sources",
      "org.typelevel:cats-effect_3",
      "org.typelevel:cats-effect_3:jar:sources",
      "org.typelevel:cats-kernel_3",
      "org.typelevel:cats-kernel_3:jar:sources",
      "org.typelevel:discipline-core_3",
      "org.typelevel:discipline-core_3:jar:sources"
    ]
  },
  "services": {},
  "version": "2"
}
